// !$*UTF8*$!
{
	archiveVersion = 1;
	classes = {
	};
	objectVersion = 56;
	objects = {

/* Begin PBXBuildFile section */
		284D7AB42AFBFD5C00DB7FA7 /* Title.swift in Sources */ = {isa = PBXBuildFile; fileRef = 284D7AB32AFBFD5C00DB7FA7 /* Title.swift */; };
		284D7AB72AFC0E3E00DB7FA7 /* Products.plist in Resources */ = {isa = PBXBuildFile; fileRef = 284D7AB62AFC0E3E00DB7FA7 /* Products.plist */; };
		284D7ABE2AFC1DD300DB7FA7 /* Spiegel_TT_Regular_Italic.ttf in Resources */ = {isa = PBXBuildFile; fileRef = 284D7AB82AFC1DD300DB7FA7 /* Spiegel_TT_Regular_Italic.ttf */; };
		284D7ABF2AFC1DD300DB7FA7 /* Spiegel_TT_Regular.ttf in Resources */ = {isa = PBXBuildFile; fileRef = 284D7AB92AFC1DD300DB7FA7 /* Spiegel_TT_Regular.ttf */; };
		284D7AC02AFC1DD300DB7FA7 /* Spiegel_TT_SemiBold_Italic.ttf in Resources */ = {isa = PBXBuildFile; fileRef = 284D7ABA2AFC1DD300DB7FA7 /* Spiegel_TT_SemiBold_Italic.ttf */; };
		284D7AC12AFC1DD300DB7FA7 /* Spiegel_TT_Bold.ttf in Resources */ = {isa = PBXBuildFile; fileRef = 284D7ABB2AFC1DD300DB7FA7 /* Spiegel_TT_Bold.ttf */; };
		284D7AC22AFC1DD300DB7FA7 /* Spiegel_TT_SemiBold.ttf in Resources */ = {isa = PBXBuildFile; fileRef = 284D7ABC2AFC1DD300DB7FA7 /* Spiegel_TT_SemiBold.ttf */; };
		284D7AC32AFC1DD300DB7FA7 /* Spiegel_TT_Bold_Italic.ttf in Resources */ = {isa = PBXBuildFile; fileRef = 284D7ABD2AFC1DD300DB7FA7 /* Spiegel_TT_Bold_Italic.ttf */; };
		284D7ACF2AFC1DED00DB7FA7 /* BeaufortforLOL-MediumItalic.ttf in Resources */ = {isa = PBXBuildFile; fileRef = 284D7AC42AFC1DED00DB7FA7 /* BeaufortforLOL-MediumItalic.ttf */; };
		284D7AD02AFC1DED00DB7FA7 /* BeaufortforLOL-BoldItalic(1).ttf in Resources */ = {isa = PBXBuildFile; fileRef = 284D7AC52AFC1DED00DB7FA7 /* BeaufortforLOL-BoldItalic(1).ttf */; };
		284D7AD12AFC1DED00DB7FA7 /* BeaufortforLOL-BoldItalic.ttf in Resources */ = {isa = PBXBuildFile; fileRef = 284D7AC62AFC1DED00DB7FA7 /* BeaufortforLOL-BoldItalic.ttf */; };
		284D7AD22AFC1DED00DB7FA7 /* BeaufortforLOL-Heavy.ttf in Resources */ = {isa = PBXBuildFile; fileRef = 284D7AC72AFC1DED00DB7FA7 /* BeaufortforLOL-Heavy.ttf */; };
		284D7AD32AFC1DED00DB7FA7 /* BeaufortforLOL-HeavyItalic.ttf in Resources */ = {isa = PBXBuildFile; fileRef = 284D7AC82AFC1DED00DB7FA7 /* BeaufortforLOL-HeavyItalic.ttf */; };
		284D7AD42AFC1DED00DB7FA7 /* BeaufortforLOL-Bold.ttf in Resources */ = {isa = PBXBuildFile; fileRef = 284D7AC92AFC1DED00DB7FA7 /* BeaufortforLOL-Bold.ttf */; };
		284D7AD52AFC1DED00DB7FA7 /* BeaufortforLOL-Light.ttf in Resources */ = {isa = PBXBuildFile; fileRef = 284D7ACA2AFC1DED00DB7FA7 /* BeaufortforLOL-Light.ttf */; };
		284D7AD62AFC1DED00DB7FA7 /* BeaufortforLOL-LightItalic.ttf in Resources */ = {isa = PBXBuildFile; fileRef = 284D7ACB2AFC1DED00DB7FA7 /* BeaufortforLOL-LightItalic.ttf */; };
		284D7AD72AFC1DED00DB7FA7 /* BeaufortforLOL-Medium.ttf in Resources */ = {isa = PBXBuildFile; fileRef = 284D7ACC2AFC1DED00DB7FA7 /* BeaufortforLOL-Medium.ttf */; };
		284D7AD82AFC1DED00DB7FA7 /* BeaufortforLOL-Regular.ttf in Resources */ = {isa = PBXBuildFile; fileRef = 284D7ACD2AFC1DED00DB7FA7 /* BeaufortforLOL-Regular.ttf */; };
		284D7AD92AFC1DED00DB7FA7 /* BeaufortforLOL-Italic.ttf in Resources */ = {isa = PBXBuildFile; fileRef = 284D7ACE2AFC1DED00DB7FA7 /* BeaufortforLOL-Italic.ttf */; };
		285275A92AFAB50600DFE4CF /* ListRowView.swift in Sources */ = {isa = PBXBuildFile; fileRef = 285275A82AFAB50600DFE4CF /* ListRowView.swift */; };
		2896B8EE2AFAB8EA00983EAE /* Color.swift in Sources */ = {isa = PBXBuildFile; fileRef = 2896B8ED2AFAB8EA00983EAE /* Color.swift */; };
		28B9ED802AF98578000B95B7 /* SKnanoApp.swift in Sources */ = {isa = PBXBuildFile; fileRef = 28B9ED7F2AF98578000B95B7 /* SKnanoApp.swift */; };
		28B9ED822AF98578000B95B7 /* ContentView.swift in Sources */ = {isa = PBXBuildFile; fileRef = 28B9ED812AF98578000B95B7 /* ContentView.swift */; };
		28B9ED842AF98579000B95B7 /* Assets.xcassets in Resources */ = {isa = PBXBuildFile; fileRef = 28B9ED832AF98579000B95B7 /* Assets.xcassets */; };
		28B9ED872AF98579000B95B7 /* Preview Assets.xcassets in Resources */ = {isa = PBXBuildFile; fileRef = 28B9ED862AF98579000B95B7 /* Preview Assets.xcassets */; };
		6262E4A62AFC259100BE5B81 /* CloudUtility.swift in Sources */ = {isa = PBXBuildFile; fileRef = 6262E4A52AFC259100BE5B81 /* CloudUtility.swift */; };
		6262E4A82AFC259B00BE5B81 /* CloudVM.swift in Sources */ = {isa = PBXBuildFile; fileRef = 6262E4A72AFC259B00BE5B81 /* CloudVM.swift */; };
		6262E4AA2AFC25A500BE5B81 /* CloudError.swift in Sources */ = {isa = PBXBuildFile; fileRef = 6262E4A92AFC25A500BE5B81 /* CloudError.swift */; };
/* End PBXBuildFile section */

/* Begin PBXFileReference section */
		284D7AB32AFBFD5C00DB7FA7 /* Title.swift */ = {isa = PBXFileReference; lastKnownFileType = sourcecode.swift; path = Title.swift; sourceTree = "<group>"; };
		284D7AB62AFC0E3E00DB7FA7 /* Products.plist */ = {isa = PBXFileReference; lastKnownFileType = text.plist.xml; path = Products.plist; sourceTree = "<group>"; };
		284D7AB82AFC1DD300DB7FA7 /* Spiegel_TT_Regular_Italic.ttf */ = {isa = PBXFileReference; lastKnownFileType = file; path = Spiegel_TT_Regular_Italic.ttf; sourceTree = "<group>"; };
		284D7AB92AFC1DD300DB7FA7 /* Spiegel_TT_Regular.ttf */ = {isa = PBXFileReference; lastKnownFileType = file; path = Spiegel_TT_Regular.ttf; sourceTree = "<group>"; };
		284D7ABA2AFC1DD300DB7FA7 /* Spiegel_TT_SemiBold_Italic.ttf */ = {isa = PBXFileReference; lastKnownFileType = file; path = Spiegel_TT_SemiBold_Italic.ttf; sourceTree = "<group>"; };
		284D7ABB2AFC1DD300DB7FA7 /* Spiegel_TT_Bold.ttf */ = {isa = PBXFileReference; lastKnownFileType = file; path = Spiegel_TT_Bold.ttf; sourceTree = "<group>"; };
		284D7ABC2AFC1DD300DB7FA7 /* Spiegel_TT_SemiBold.ttf */ = {isa = PBXFileReference; lastKnownFileType = file; path = Spiegel_TT_SemiBold.ttf; sourceTree = "<group>"; };
		284D7ABD2AFC1DD300DB7FA7 /* Spiegel_TT_Bold_Italic.ttf */ = {isa = PBXFileReference; lastKnownFileType = file; path = Spiegel_TT_Bold_Italic.ttf; sourceTree = "<group>"; };
		284D7AC42AFC1DED00DB7FA7 /* BeaufortforLOL-MediumItalic.ttf */ = {isa = PBXFileReference; lastKnownFileType = file; path = "BeaufortforLOL-MediumItalic.ttf"; sourceTree = "<group>"; };
		284D7AC52AFC1DED00DB7FA7 /* BeaufortforLOL-BoldItalic(1).ttf */ = {isa = PBXFileReference; lastKnownFileType = file; path = "BeaufortforLOL-BoldItalic(1).ttf"; sourceTree = "<group>"; };
		284D7AC62AFC1DED00DB7FA7 /* BeaufortforLOL-BoldItalic.ttf */ = {isa = PBXFileReference; lastKnownFileType = file; path = "BeaufortforLOL-BoldItalic.ttf"; sourceTree = "<group>"; };
		284D7AC72AFC1DED00DB7FA7 /* BeaufortforLOL-Heavy.ttf */ = {isa = PBXFileReference; lastKnownFileType = file; path = "BeaufortforLOL-Heavy.ttf"; sourceTree = "<group>"; };
		284D7AC82AFC1DED00DB7FA7 /* BeaufortforLOL-HeavyItalic.ttf */ = {isa = PBXFileReference; lastKnownFileType = file; path = "BeaufortforLOL-HeavyItalic.ttf"; sourceTree = "<group>"; };
		284D7AC92AFC1DED00DB7FA7 /* BeaufortforLOL-Bold.ttf */ = {isa = PBXFileReference; lastKnownFileType = file; path = "BeaufortforLOL-Bold.ttf"; sourceTree = "<group>"; };
		284D7ACA2AFC1DED00DB7FA7 /* BeaufortforLOL-Light.ttf */ = {isa = PBXFileReference; lastKnownFileType = file; path = "BeaufortforLOL-Light.ttf"; sourceTree = "<group>"; };
		284D7ACB2AFC1DED00DB7FA7 /* BeaufortforLOL-LightItalic.ttf */ = {isa = PBXFileReference; lastKnownFileType = file; path = "BeaufortforLOL-LightItalic.ttf"; sourceTree = "<group>"; };
		284D7ACC2AFC1DED00DB7FA7 /* BeaufortforLOL-Medium.ttf */ = {isa = PBXFileReference; lastKnownFileType = file; path = "BeaufortforLOL-Medium.ttf"; sourceTree = "<group>"; };
		284D7ACD2AFC1DED00DB7FA7 /* BeaufortforLOL-Regular.ttf */ = {isa = PBXFileReference; lastKnownFileType = file; path = "BeaufortforLOL-Regular.ttf"; sourceTree = "<group>"; };
		284D7ACE2AFC1DED00DB7FA7 /* BeaufortforLOL-Italic.ttf */ = {isa = PBXFileReference; lastKnownFileType = file; path = "BeaufortforLOL-Italic.ttf"; sourceTree = "<group>"; };
		285275A82AFAB50600DFE4CF /* ListRowView.swift */ = {isa = PBXFileReference; lastKnownFileType = sourcecode.swift; path = ListRowView.swift; sourceTree = "<group>"; };
		2896B8ED2AFAB8EA00983EAE /* Color.swift */ = {isa = PBXFileReference; lastKnownFileType = sourcecode.swift; path = Color.swift; sourceTree = "<group>"; };
		28B9ED7C2AF98578000B95B7 /* SKnano.app */ = {isa = PBXFileReference; explicitFileType = wrapper.application; includeInIndex = 0; path = SKnano.app; sourceTree = BUILT_PRODUCTS_DIR; };
		28B9ED7F2AF98578000B95B7 /* SKnanoApp.swift */ = {isa = PBXFileReference; lastKnownFileType = sourcecode.swift; path = SKnanoApp.swift; sourceTree = "<group>"; };
		28B9ED812AF98578000B95B7 /* ContentView.swift */ = {isa = PBXFileReference; lastKnownFileType = sourcecode.swift; path = ContentView.swift; sourceTree = "<group>"; };
		28B9ED832AF98579000B95B7 /* Assets.xcassets */ = {isa = PBXFileReference; lastKnownFileType = folder.assetcatalog; path = Assets.xcassets; sourceTree = "<group>"; };
		28B9ED862AF98579000B95B7 /* Preview Assets.xcassets */ = {isa = PBXFileReference; lastKnownFileType = folder.assetcatalog; path = "Preview Assets.xcassets"; sourceTree = "<group>"; };
		6262E4A52AFC259100BE5B81 /* CloudUtility.swift */ = {isa = PBXFileReference; lastKnownFileType = sourcecode.swift; name = CloudUtility.swift; path = SKnano/CloudUtility.swift; sourceTree = SOURCE_ROOT; };
		6262E4A72AFC259B00BE5B81 /* CloudVM.swift */ = {isa = PBXFileReference; lastKnownFileType = sourcecode.swift; name = CloudVM.swift; path = SKnano/CloudVM.swift; sourceTree = SOURCE_ROOT; };
		6262E4A92AFC25A500BE5B81 /* CloudError.swift */ = {isa = PBXFileReference; lastKnownFileType = sourcecode.swift; name = CloudError.swift; path = SKnano/CloudError.swift; sourceTree = SOURCE_ROOT; };
		6262E4AB2AFC29D100BE5B81 /* SKnano.entitlements */ = {isa = PBXFileReference; lastKnownFileType = text.plist.entitlements; path = SKnano.entitlements; sourceTree = "<group>"; };
/* End PBXFileReference section */

/* Begin PBXFrameworksBuildPhase section */
		28B9ED792AF98578000B95B7 /* Frameworks */ = {
			isa = PBXFrameworksBuildPhase;
			buildActionMask = 2147483647;
			files = (
			);
			runOnlyForDeploymentPostprocessing = 0;
		};
/* End PBXFrameworksBuildPhase section */

/* Begin PBXGroup section */
		284D7AB52AFC0BD400DB7FA7 /* Model */ = {
			isa = PBXGroup;
			children = (
				284D7AB62AFC0E3E00DB7FA7 /* Products.plist */,
			);
			path = Model;
			sourceTree = "<group>";
		};
		285275A52AFAB29B00DFE4CF /* Champion */ = {
			isa = PBXGroup;
			children = (
			);
			path = Champion;
			sourceTree = "<group>";
		};
		285275A72AFAB4EA00DFE4CF /* ListComponent */ = {
			isa = PBXGroup;
			children = (
				285275A82AFAB50600DFE4CF /* ListRowView.swift */,
			);
			path = ListComponent;
			sourceTree = "<group>";
		};
		2896B8EC2AFAB8D600983EAE /* Extensions */ = {
			isa = PBXGroup;
			children = (
				2896B8ED2AFAB8EA00983EAE /* Color.swift */,
				284D7AB32AFBFD5C00DB7FA7 /* Title.swift */,
			);
			path = Extensions;
			sourceTree = "<group>";
		};
		2896B8EF2AFAC0F600983EAE /* Fonts */ = {
			isa = PBXGroup;
			children = (
				2896B9072AFAC28E00983EAE /* Spiegel */,
				2896B8F02AFAC1F800983EAE /* BeaufortForLoL */,
			);
			path = Fonts;
			sourceTree = "<group>";
		};
		2896B8F02AFAC1F800983EAE /* BeaufortForLoL */ = {
			isa = PBXGroup;
			children = (
				284D7AC92AFC1DED00DB7FA7 /* BeaufortforLOL-Bold.ttf */,
				284D7AC62AFC1DED00DB7FA7 /* BeaufortforLOL-BoldItalic.ttf */,
				284D7AC52AFC1DED00DB7FA7 /* BeaufortforLOL-BoldItalic(1).ttf */,
				284D7AC72AFC1DED00DB7FA7 /* BeaufortforLOL-Heavy.ttf */,
				284D7AC82AFC1DED00DB7FA7 /* BeaufortforLOL-HeavyItalic.ttf */,
				284D7ACE2AFC1DED00DB7FA7 /* BeaufortforLOL-Italic.ttf */,
				284D7ACA2AFC1DED00DB7FA7 /* BeaufortforLOL-Light.ttf */,
				284D7ACB2AFC1DED00DB7FA7 /* BeaufortforLOL-LightItalic.ttf */,
				284D7ACC2AFC1DED00DB7FA7 /* BeaufortforLOL-Medium.ttf */,
				284D7AC42AFC1DED00DB7FA7 /* BeaufortforLOL-MediumItalic.ttf */,
				284D7ACD2AFC1DED00DB7FA7 /* BeaufortforLOL-Regular.ttf */,
			);
			path = BeaufortForLoL;
			sourceTree = "<group>";
		};
		2896B9072AFAC28E00983EAE /* Spiegel */ = {
			isa = PBXGroup;
			children = (
				284D7ABD2AFC1DD300DB7FA7 /* Spiegel_TT_Bold_Italic.ttf */,
				284D7ABB2AFC1DD300DB7FA7 /* Spiegel_TT_Bold.ttf */,
				284D7AB82AFC1DD300DB7FA7 /* Spiegel_TT_Regular_Italic.ttf */,
				284D7AB92AFC1DD300DB7FA7 /* Spiegel_TT_Regular.ttf */,
				284D7ABA2AFC1DD300DB7FA7 /* Spiegel_TT_SemiBold_Italic.ttf */,
				284D7ABC2AFC1DD300DB7FA7 /* Spiegel_TT_SemiBold.ttf */,
			);
			path = Spiegel;
			sourceTree = "<group>";
		};
		28B9ED732AF98578000B95B7 = {
			isa = PBXGroup;
			children = (
				28B9ED7E2AF98578000B95B7 /* SKnano */,
				28B9ED7D2AF98578000B95B7 /* Products */,
			);
			sourceTree = "<group>";
		};
		28B9ED7D2AF98578000B95B7 /* Products */ = {
			isa = PBXGroup;
			children = (
				28B9ED7C2AF98578000B95B7 /* SKnano.app */,
			);
			name = Products;
			sourceTree = "<group>";
		};
		28B9ED7E2AF98578000B95B7 /* SKnano */ = {
			isa = PBXGroup;
			children = (
				6262E4AB2AFC29D100BE5B81 /* SKnano.entitlements */,
				28B9ED8F2AF985A7000B95B7 /* Views */,
				28B9ED8E2AF9859C000B95B7 /* Notification */,
				28B9ED912AF9865C000B95B7 /* CloudKit */,
				28B9ED8D2AF9858F000B95B7 /* StoreKit */,
				2896B8EC2AFAB8D600983EAE /* Extensions */,
				284D7AB52AFC0BD400DB7FA7 /* Model */,
				28B9ED902AF985B4000B95B7 /* System */,
				28B9ED832AF98579000B95B7 /* Assets.xcassets */,
				28B9ED852AF98579000B95B7 /* Preview Content */,
			);
			path = SKnano;
			sourceTree = "<group>";
		};
		28B9ED852AF98579000B95B7 /* Preview Content */ = {
			isa = PBXGroup;
			children = (
				28B9ED862AF98579000B95B7 /* Preview Assets.xcassets */,
			);
			path = "Preview Content";
			sourceTree = "<group>";
		};
		28B9ED8D2AF9858F000B95B7 /* StoreKit */ = {
			isa = PBXGroup;
			children = (
			);
			path = StoreKit;
			sourceTree = "<group>";
		};
		28B9ED8E2AF9859C000B95B7 /* Notification */ = {
			isa = PBXGroup;
			children = (
			);
			path = Notification;
			sourceTree = "<group>";
		};
		28B9ED8F2AF985A7000B95B7 /* Views */ = {
			isa = PBXGroup;
			children = (
				285275A72AFAB4EA00DFE4CF /* ListComponent */,
				285275A52AFAB29B00DFE4CF /* Champion */,
				28B9ED812AF98578000B95B7 /* ContentView.swift */,
			);
			path = Views;
			sourceTree = "<group>";
		};
		28B9ED902AF985B4000B95B7 /* System */ = {
			isa = PBXGroup;
			children = (
				2896B8EF2AFAC0F600983EAE /* Fonts */,
				28B9ED7F2AF98578000B95B7 /* SKnanoApp.swift */,
			);
			path = System;
			sourceTree = "<group>";
		};
		28B9ED912AF9865C000B95B7 /* CloudKit */ = {
			isa = PBXGroup;
			children = (
				6262E4A52AFC259100BE5B81 /* CloudUtility.swift */,
				6262E4A72AFC259B00BE5B81 /* CloudVM.swift */,
				6262E4A92AFC25A500BE5B81 /* CloudError.swift */,
			);
			path = CloudKit;
			sourceTree = "<group>";
		};
/* End PBXGroup section */

/* Begin PBXNativeTarget section */
		28B9ED7B2AF98578000B95B7 /* SKnano */ = {
			isa = PBXNativeTarget;
			buildConfigurationList = 28B9ED8A2AF98579000B95B7 /* Build configuration list for PBXNativeTarget "SKnano" */;
			buildPhases = (
				28B9ED782AF98578000B95B7 /* Sources */,
				28B9ED792AF98578000B95B7 /* Frameworks */,
				28B9ED7A2AF98578000B95B7 /* Resources */,
			);
			buildRules = (
			);
			dependencies = (
			);
			name = SKnano;
			productName = SKnano;
			productReference = 28B9ED7C2AF98578000B95B7 /* SKnano.app */;
			productType = "com.apple.product-type.application";
		};
/* End PBXNativeTarget section */

/* Begin PBXProject section */
		28B9ED742AF98578000B95B7 /* Project object */ = {
			isa = PBXProject;
			attributes = {
				BuildIndependentTargetsInParallel = 1;
				LastSwiftUpdateCheck = 1500;
				LastUpgradeCheck = 1500;
				TargetAttributes = {
					28B9ED7B2AF98578000B95B7 = {
						CreatedOnToolsVersion = 15.0.1;
					};
				};
			};
			buildConfigurationList = 28B9ED772AF98578000B95B7 /* Build configuration list for PBXProject "SKnano" */;
			compatibilityVersion = "Xcode 14.0";
			developmentRegion = en;
			hasScannedForEncodings = 0;
			knownRegions = (
				en,
				Base,
			);
			mainGroup = 28B9ED732AF98578000B95B7;
			productRefGroup = 28B9ED7D2AF98578000B95B7 /* Products */;
			projectDirPath = "";
			projectRoot = "";
			targets = (
				28B9ED7B2AF98578000B95B7 /* SKnano */,
			);
		};
/* End PBXProject section */

/* Begin PBXResourcesBuildPhase section */
		28B9ED7A2AF98578000B95B7 /* Resources */ = {
			isa = PBXResourcesBuildPhase;
			buildActionMask = 2147483647;
			files = (
				284D7AD22AFC1DED00DB7FA7 /* BeaufortforLOL-Heavy.ttf in Resources */,
				284D7AD72AFC1DED00DB7FA7 /* BeaufortforLOL-Medium.ttf in Resources */,
				284D7AD92AFC1DED00DB7FA7 /* BeaufortforLOL-Italic.ttf in Resources */,
				284D7AD42AFC1DED00DB7FA7 /* BeaufortforLOL-Bold.ttf in Resources */,
				284D7AD62AFC1DED00DB7FA7 /* BeaufortforLOL-LightItalic.ttf in Resources */,
				28B9ED872AF98579000B95B7 /* Preview Assets.xcassets in Resources */,
				284D7AC02AFC1DD300DB7FA7 /* Spiegel_TT_SemiBold_Italic.ttf in Resources */,
				284D7AC32AFC1DD300DB7FA7 /* Spiegel_TT_Bold_Italic.ttf in Resources */,
				284D7AD12AFC1DED00DB7FA7 /* BeaufortforLOL-BoldItalic.ttf in Resources */,
				284D7AD02AFC1DED00DB7FA7 /* BeaufortforLOL-BoldItalic(1).ttf in Resources */,
				284D7AC22AFC1DD300DB7FA7 /* Spiegel_TT_SemiBold.ttf in Resources */,
				284D7ABF2AFC1DD300DB7FA7 /* Spiegel_TT_Regular.ttf in Resources */,
				284D7AD32AFC1DED00DB7FA7 /* BeaufortforLOL-HeavyItalic.ttf in Resources */,
				284D7ACF2AFC1DED00DB7FA7 /* BeaufortforLOL-MediumItalic.ttf in Resources */,
				284D7AB72AFC0E3E00DB7FA7 /* Products.plist in Resources */,
				28B9ED842AF98579000B95B7 /* Assets.xcassets in Resources */,
				284D7ABE2AFC1DD300DB7FA7 /* Spiegel_TT_Regular_Italic.ttf in Resources */,
				284D7AC12AFC1DD300DB7FA7 /* Spiegel_TT_Bold.ttf in Resources */,
				284D7AD52AFC1DED00DB7FA7 /* BeaufortforLOL-Light.ttf in Resources */,
				284D7AD82AFC1DED00DB7FA7 /* BeaufortforLOL-Regular.ttf in Resources */,
			);
			runOnlyForDeploymentPostprocessing = 0;
		};
/* End PBXResourcesBuildPhase section */

/* Begin PBXSourcesBuildPhase section */
		28B9ED782AF98578000B95B7 /* Sources */ = {
			isa = PBXSourcesBuildPhase;
			buildActionMask = 2147483647;
			files = (
				284D7AB42AFBFD5C00DB7FA7 /* Title.swift in Sources */,
				6262E4A82AFC259B00BE5B81 /* CloudVM.swift in Sources */,
				28B9ED822AF98578000B95B7 /* ContentView.swift in Sources */,
				2896B8EE2AFAB8EA00983EAE /* Color.swift in Sources */,
				6262E4AA2AFC25A500BE5B81 /* CloudError.swift in Sources */,
				28B9ED802AF98578000B95B7 /* SKnanoApp.swift in Sources */,
				6262E4A62AFC259100BE5B81 /* CloudUtility.swift in Sources */,
				285275A92AFAB50600DFE4CF /* ListRowView.swift in Sources */,
			);
			runOnlyForDeploymentPostprocessing = 0;
		};
/* End PBXSourcesBuildPhase section */

/* Begin XCBuildConfiguration section */
		28B9ED882AF98579000B95B7 /* Debug */ = {
			isa = XCBuildConfiguration;
			buildSettings = {
				ALWAYS_SEARCH_USER_PATHS = NO;
				ASSETCATALOG_COMPILER_GENERATE_SWIFT_ASSET_SYMBOL_EXTENSIONS = YES;
				CLANG_ANALYZER_NONNULL = YES;
				CLANG_ANALYZER_NUMBER_OBJECT_CONVERSION = YES_AGGRESSIVE;
				CLANG_CXX_LANGUAGE_STANDARD = "gnu++20";
				CLANG_ENABLE_MODULES = YES;
				CLANG_ENABLE_OBJC_ARC = YES;
				CLANG_ENABLE_OBJC_WEAK = YES;
				CLANG_WARN_BLOCK_CAPTURE_AUTORELEASING = YES;
				CLANG_WARN_BOOL_CONVERSION = YES;
				CLANG_WARN_COMMA = YES;
				CLANG_WARN_CONSTANT_CONVERSION = YES;
				CLANG_WARN_DEPRECATED_OBJC_IMPLEMENTATIONS = YES;
				CLANG_WARN_DIRECT_OBJC_ISA_USAGE = YES_ERROR;
				CLANG_WARN_DOCUMENTATION_COMMENTS = YES;
				CLANG_WARN_EMPTY_BODY = YES;
				CLANG_WARN_ENUM_CONVERSION = YES;
				CLANG_WARN_INFINITE_RECURSION = YES;
				CLANG_WARN_INT_CONVERSION = YES;
				CLANG_WARN_NON_LITERAL_NULL_CONVERSION = YES;
				CLANG_WARN_OBJC_IMPLICIT_RETAIN_SELF = YES;
				CLANG_WARN_OBJC_LITERAL_CONVERSION = YES;
				CLANG_WARN_OBJC_ROOT_CLASS = YES_ERROR;
				CLANG_WARN_QUOTED_INCLUDE_IN_FRAMEWORK_HEADER = YES;
				CLANG_WARN_RANGE_LOOP_ANALYSIS = YES;
				CLANG_WARN_STRICT_PROTOTYPES = YES;
				CLANG_WARN_SUSPICIOUS_MOVE = YES;
				CLANG_WARN_UNGUARDED_AVAILABILITY = YES_AGGRESSIVE;
				CLANG_WARN_UNREACHABLE_CODE = YES;
				CLANG_WARN__DUPLICATE_METHOD_MATCH = YES;
				COPY_PHASE_STRIP = NO;
				DEBUG_INFORMATION_FORMAT = dwarf;
				ENABLE_STRICT_OBJC_MSGSEND = YES;
				ENABLE_TESTABILITY = YES;
				ENABLE_USER_SCRIPT_SANDBOXING = YES;
				GCC_C_LANGUAGE_STANDARD = gnu17;
				GCC_DYNAMIC_NO_PIC = NO;
				GCC_NO_COMMON_BLOCKS = YES;
				GCC_OPTIMIZATION_LEVEL = 0;
				GCC_PREPROCESSOR_DEFINITIONS = (
					"DEBUG=1",
					"$(inherited)",
				);
				GCC_WARN_64_TO_32_BIT_CONVERSION = YES;
				GCC_WARN_ABOUT_RETURN_TYPE = YES_ERROR;
				GCC_WARN_UNDECLARED_SELECTOR = YES;
				GCC_WARN_UNINITIALIZED_AUTOS = YES_AGGRESSIVE;
				GCC_WARN_UNUSED_FUNCTION = YES;
				GCC_WARN_UNUSED_VARIABLE = YES;
				IPHONEOS_DEPLOYMENT_TARGET = 17.0;
				LOCALIZATION_PREFERS_STRING_CATALOGS = YES;
				MTL_ENABLE_DEBUG_INFO = INCLUDE_SOURCE;
				MTL_FAST_MATH = YES;
				ONLY_ACTIVE_ARCH = YES;
				SDKROOT = iphoneos;
				SWIFT_ACTIVE_COMPILATION_CONDITIONS = "DEBUG $(inherited)";
				SWIFT_OPTIMIZATION_LEVEL = "-Onone";
			};
			name = Debug;
		};
		28B9ED892AF98579000B95B7 /* Release */ = {
			isa = XCBuildConfiguration;
			buildSettings = {
				ALWAYS_SEARCH_USER_PATHS = NO;
				ASSETCATALOG_COMPILER_GENERATE_SWIFT_ASSET_SYMBOL_EXTENSIONS = YES;
				CLANG_ANALYZER_NONNULL = YES;
				CLANG_ANALYZER_NUMBER_OBJECT_CONVERSION = YES_AGGRESSIVE;
				CLANG_CXX_LANGUAGE_STANDARD = "gnu++20";
				CLANG_ENABLE_MODULES = YES;
				CLANG_ENABLE_OBJC_ARC = YES;
				CLANG_ENABLE_OBJC_WEAK = YES;
				CLANG_WARN_BLOCK_CAPTURE_AUTORELEASING = YES;
				CLANG_WARN_BOOL_CONVERSION = YES;
				CLANG_WARN_COMMA = YES;
				CLANG_WARN_CONSTANT_CONVERSION = YES;
				CLANG_WARN_DEPRECATED_OBJC_IMPLEMENTATIONS = YES;
				CLANG_WARN_DIRECT_OBJC_ISA_USAGE = YES_ERROR;
				CLANG_WARN_DOCUMENTATION_COMMENTS = YES;
				CLANG_WARN_EMPTY_BODY = YES;
				CLANG_WARN_ENUM_CONVERSION = YES;
				CLANG_WARN_INFINITE_RECURSION = YES;
				CLANG_WARN_INT_CONVERSION = YES;
				CLANG_WARN_NON_LITERAL_NULL_CONVERSION = YES;
				CLANG_WARN_OBJC_IMPLICIT_RETAIN_SELF = YES;
				CLANG_WARN_OBJC_LITERAL_CONVERSION = YES;
				CLANG_WARN_OBJC_ROOT_CLASS = YES_ERROR;
				CLANG_WARN_QUOTED_INCLUDE_IN_FRAMEWORK_HEADER = YES;
				CLANG_WARN_RANGE_LOOP_ANALYSIS = YES;
				CLANG_WARN_STRICT_PROTOTYPES = YES;
				CLANG_WARN_SUSPICIOUS_MOVE = YES;
				CLANG_WARN_UNGUARDED_AVAILABILITY = YES_AGGRESSIVE;
				CLANG_WARN_UNREACHABLE_CODE = YES;
				CLANG_WARN__DUPLICATE_METHOD_MATCH = YES;
				COPY_PHASE_STRIP = NO;
				DEBUG_INFORMATION_FORMAT = "dwarf-with-dsym";
				ENABLE_NS_ASSERTIONS = NO;
				ENABLE_STRICT_OBJC_MSGSEND = YES;
				ENABLE_USER_SCRIPT_SANDBOXING = YES;
				GCC_C_LANGUAGE_STANDARD = gnu17;
				GCC_NO_COMMON_BLOCKS = YES;
				GCC_WARN_64_TO_32_BIT_CONVERSION = YES;
				GCC_WARN_ABOUT_RETURN_TYPE = YES_ERROR;
				GCC_WARN_UNDECLARED_SELECTOR = YES;
				GCC_WARN_UNINITIALIZED_AUTOS = YES_AGGRESSIVE;
				GCC_WARN_UNUSED_FUNCTION = YES;
				GCC_WARN_UNUSED_VARIABLE = YES;
				IPHONEOS_DEPLOYMENT_TARGET = 17.0;
				LOCALIZATION_PREFERS_STRING_CATALOGS = YES;
				MTL_ENABLE_DEBUG_INFO = NO;
				MTL_FAST_MATH = YES;
				SDKROOT = iphoneos;
				SWIFT_COMPILATION_MODE = wholemodule;
				VALIDATE_PRODUCT = YES;
			};
			name = Release;
		};
		28B9ED8B2AF98579000B95B7 /* Debug */ = {
			isa = XCBuildConfiguration;
			buildSettings = {
				ASSETCATALOG_COMPILER_APPICON_NAME = AppIcon;
				ASSETCATALOG_COMPILER_GLOBAL_ACCENT_COLOR_NAME = AccentColor;
				CODE_SIGN_ENTITLEMENTS = SKnano/SKnano.entitlements;
				CODE_SIGN_STYLE = Automatic;
				CURRENT_PROJECT_VERSION = 1;
				DEVELOPMENT_ASSET_PATHS = "\"SKnano/Preview Content\"";
				DEVELOPMENT_TEAM = H6ULSPHHN4;
				ENABLE_PREVIEWS = YES;
				GENERATE_INFOPLIST_FILE = YES;
				INFOPLIST_FILE = SKnano/Info.plist;
				INFOPLIST_KEY_UIApplicationSceneManifest_Generation = YES;
				INFOPLIST_KEY_UIApplicationSupportsIndirectInputEvents = YES;
				INFOPLIST_KEY_UILaunchScreen_Generation = YES;
				INFOPLIST_KEY_UISupportedInterfaceOrientations_iPad = "UIInterfaceOrientationPortrait UIInterfaceOrientationPortraitUpsideDown UIInterfaceOrientationLandscapeLeft UIInterfaceOrientationLandscapeRight";
				INFOPLIST_KEY_UISupportedInterfaceOrientations_iPhone = "UIInterfaceOrientationPortrait UIInterfaceOrientationLandscapeLeft UIInterfaceOrientationLandscapeRight";
				LD_RUNPATH_SEARCH_PATHS = (
					"$(inherited)",
					"@executable_path/Frameworks",
				);
				MARKETING_VERSION = 1.0;
				PRODUCT_BUNDLE_IDENTIFIER = SKnano;
				PRODUCT_NAME = "$(TARGET_NAME)";
				SWIFT_EMIT_LOC_STRINGS = YES;
				SWIFT_VERSION = 5.0;
				TARGETED_DEVICE_FAMILY = "1,2";
			};
			name = Debug;
		};
		28B9ED8C2AF98579000B95B7 /* Release */ = {
			isa = XCBuildConfiguration;
			buildSettings = {
				ASSETCATALOG_COMPILER_APPICON_NAME = AppIcon;
				ASSETCATALOG_COMPILER_GLOBAL_ACCENT_COLOR_NAME = AccentColor;
				CODE_SIGN_ENTITLEMENTS = SKnano/SKnano.entitlements;
				CODE_SIGN_STYLE = Automatic;
				CURRENT_PROJECT_VERSION = 1;
				DEVELOPMENT_ASSET_PATHS = "\"SKnano/Preview Content\"";
				DEVELOPMENT_TEAM = H6ULSPHHN4;
				ENABLE_PREVIEWS = YES;
				GENERATE_INFOPLIST_FILE = YES;
				INFOPLIST_FILE = SKnano/Info.plist;
				INFOPLIST_KEY_UIApplicationSceneManifest_Generation = YES;
				INFOPLIST_KEY_UIApplicationSupportsIndirectInputEvents = YES;
				INFOPLIST_KEY_UILaunchScreen_Generation = YES;
				INFOPLIST_KEY_UISupportedInterfaceOrientations_iPad = "UIInterfaceOrientationPortrait UIInterfaceOrientationPortraitUpsideDown UIInterfaceOrientationLandscapeLeft UIInterfaceOrientationLandscapeRight";
				INFOPLIST_KEY_UISupportedInterfaceOrientations_iPhone = "UIInterfaceOrientationPortrait UIInterfaceOrientationLandscapeLeft UIInterfaceOrientationLandscapeRight";
				LD_RUNPATH_SEARCH_PATHS = (
					"$(inherited)",
					"@executable_path/Frameworks",
				);
				MARKETING_VERSION = 1.0;
				PRODUCT_BUNDLE_IDENTIFIER = SKnano;
				PRODUCT_NAME = "$(TARGET_NAME)";
				SWIFT_EMIT_LOC_STRINGS = YES;
				SWIFT_VERSION = 5.0;
				TARGETED_DEVICE_FAMILY = "1,2";
			};
			name = Release;
		};
/* End XCBuildConfiguration section */

/* Begin XCConfigurationList section */
		28B9ED772AF98578000B95B7 /* Build configuration list for PBXProject "SKnano" */ = {
			isa = XCConfigurationList;
			buildConfigurations = (
				28B9ED882AF98579000B95B7 /* Debug */,
				28B9ED892AF98579000B95B7 /* Release */,
			);
			defaultConfigurationIsVisible = 0;
			defaultConfigurationName = Release;
		};
		28B9ED8A2AF98579000B95B7 /* Build configuration list for PBXNativeTarget "SKnano" */ = {
			isa = XCConfigurationList;
			buildConfigurations = (
				28B9ED8B2AF98579000B95B7 /* Debug */,
				28B9ED8C2AF98579000B95B7 /* Release */,
			);
			defaultConfigurationIsVisible = 0;
			defaultConfigurationName = Release;
		};
/* End XCConfigurationList section */
	};
	rootObject = 28B9ED742AF98578000B95B7 /* Project object */;
}
