// !$*UTF8*$!
{
	archiveVersion = 1;
	classes = {
	};
	objectVersion = 56;
	objects = {

/* Begin PBXBuildFile section */
		285275A92AFAB50600DFE4CF /* ListComponent.swift in Sources */ = {isa = PBXBuildFile; fileRef = 285275A82AFAB50600DFE4CF /* ListComponent.swift */; };
		2896B8EE2AFAB8EA00983EAE /* Color.swift in Sources */ = {isa = PBXBuildFile; fileRef = 2896B8ED2AFAB8EA00983EAE /* Color.swift */; };
		2896B8FC2AFAC20F00983EAE /* BeaufortforLOL-Medium.ttf in Resources */ = {isa = PBXBuildFile; fileRef = 2896B8F12AFAC20F00983EAE /* BeaufortforLOL-Medium.ttf */; };
		2896B8FD2AFAC20F00983EAE /* BeaufortforLOL-LightItalic.ttf in Resources */ = {isa = PBXBuildFile; fileRef = 2896B8F22AFAC20F00983EAE /* BeaufortforLOL-LightItalic.ttf */; };
		2896B8FE2AFAC20F00983EAE /* BeaufortforLOL-Regular.ttf in Resources */ = {isa = PBXBuildFile; fileRef = 2896B8F32AFAC20F00983EAE /* BeaufortforLOL-Regular.ttf */; };
		2896B8FF2AFAC20F00983EAE /* BeaufortforLOL-Bold.ttf in Resources */ = {isa = PBXBuildFile; fileRef = 2896B8F42AFAC20F00983EAE /* BeaufortforLOL-Bold.ttf */; };
		2896B9002AFAC20F00983EAE /* BeaufortforLOL-Light.ttf in Resources */ = {isa = PBXBuildFile; fileRef = 2896B8F52AFAC20F00983EAE /* BeaufortforLOL-Light.ttf */; };
		2896B9012AFAC20F00983EAE /* BeaufortforLOL-Heavy.ttf in Resources */ = {isa = PBXBuildFile; fileRef = 2896B8F62AFAC20F00983EAE /* BeaufortforLOL-Heavy.ttf */; };
		2896B9022AFAC20F00983EAE /* BeaufortforLOL-BoldItalic.ttf in Resources */ = {isa = PBXBuildFile; fileRef = 2896B8F72AFAC20F00983EAE /* BeaufortforLOL-BoldItalic.ttf */; };
		2896B9032AFAC20F00983EAE /* BeaufortforLOL-BoldItalic(1).ttf in Resources */ = {isa = PBXBuildFile; fileRef = 2896B8F82AFAC20F00983EAE /* BeaufortforLOL-BoldItalic(1).ttf */; };
		2896B9042AFAC20F00983EAE /* BeaufortforLOL-MediumItalic.ttf in Resources */ = {isa = PBXBuildFile; fileRef = 2896B8F92AFAC20F00983EAE /* BeaufortforLOL-MediumItalic.ttf */; };
		2896B9052AFAC20F00983EAE /* BeaufortforLOL-Italic.ttf in Resources */ = {isa = PBXBuildFile; fileRef = 2896B8FA2AFAC20F00983EAE /* BeaufortforLOL-Italic.ttf */; };
		2896B9062AFAC20F00983EAE /* BeaufortforLOL-HeavyItalic.ttf in Resources */ = {isa = PBXBuildFile; fileRef = 2896B8FB2AFAC20F00983EAE /* BeaufortforLOL-HeavyItalic.ttf */; };
		2896B90E2AFAC29C00983EAE /* Spiegel_TT_Bold.ttf in Resources */ = {isa = PBXBuildFile; fileRef = 2896B9082AFAC29B00983EAE /* Spiegel_TT_Bold.ttf */; };
		2896B90F2AFAC29C00983EAE /* Spiegel_TT_Regular.ttf in Resources */ = {isa = PBXBuildFile; fileRef = 2896B9092AFAC29B00983EAE /* Spiegel_TT_Regular.ttf */; };
		2896B9102AFAC29C00983EAE /* Spiegel_TT_SemiBold_Italic.ttf in Resources */ = {isa = PBXBuildFile; fileRef = 2896B90A2AFAC29B00983EAE /* Spiegel_TT_SemiBold_Italic.ttf */; };
		2896B9112AFAC29C00983EAE /* Spiegel_TT_SemiBold.ttf in Resources */ = {isa = PBXBuildFile; fileRef = 2896B90B2AFAC29B00983EAE /* Spiegel_TT_SemiBold.ttf */; };
		2896B9122AFAC29C00983EAE /* Spiegel_TT_Regular_Italic.ttf in Resources */ = {isa = PBXBuildFile; fileRef = 2896B90C2AFAC29B00983EAE /* Spiegel_TT_Regular_Italic.ttf */; };
		2896B9132AFAC29C00983EAE /* Spiegel_TT_Bold_Italic.ttf in Resources */ = {isa = PBXBuildFile; fileRef = 2896B90D2AFAC29B00983EAE /* Spiegel_TT_Bold_Italic.ttf */; };
		28B9ED802AF98578000B95B7 /* SKnanoApp.swift in Sources */ = {isa = PBXBuildFile; fileRef = 28B9ED7F2AF98578000B95B7 /* SKnanoApp.swift */; };
		28B9ED822AF98578000B95B7 /* ContentView.swift in Sources */ = {isa = PBXBuildFile; fileRef = 28B9ED812AF98578000B95B7 /* ContentView.swift */; };
		28B9ED842AF98579000B95B7 /* Assets.xcassets in Resources */ = {isa = PBXBuildFile; fileRef = 28B9ED832AF98579000B95B7 /* Assets.xcassets */; };
		28B9ED872AF98579000B95B7 /* Preview Assets.xcassets in Resources */ = {isa = PBXBuildFile; fileRef = 28B9ED862AF98579000B95B7 /* Preview Assets.xcassets */; };
		98B4E64E2AFAC9D0000C93D4 /* Store.swift in Sources */ = {isa = PBXBuildFile; fileRef = 98B4E64D2AFAC9D0000C93D4 /* Store.swift */; };
/* End PBXBuildFile section */

/* Begin PBXFileReference section */
		285275A82AFAB50600DFE4CF /* ListComponent.swift */ = {isa = PBXFileReference; lastKnownFileType = sourcecode.swift; path = ListComponent.swift; sourceTree = "<group>"; };
		2896B8ED2AFAB8EA00983EAE /* Color.swift */ = {isa = PBXFileReference; lastKnownFileType = sourcecode.swift; path = Color.swift; sourceTree = "<group>"; };
		2896B8F12AFAC20F00983EAE /* BeaufortforLOL-Medium.ttf */ = {isa = PBXFileReference; lastKnownFileType = file; name = "BeaufortforLOL-Medium.ttf"; path = "../../../../../../../../Downloads/Fonts_Package/BeaufortForLoL-TTF/BeaufortforLOL-Medium.ttf"; sourceTree = "<group>"; };
		2896B8F22AFAC20F00983EAE /* BeaufortforLOL-LightItalic.ttf */ = {isa = PBXFileReference; lastKnownFileType = file; name = "BeaufortforLOL-LightItalic.ttf"; path = "../../../../../../../../Downloads/Fonts_Package/BeaufortForLoL-TTF/BeaufortforLOL-LightItalic.ttf"; sourceTree = "<group>"; };
		2896B8F32AFAC20F00983EAE /* BeaufortforLOL-Regular.ttf */ = {isa = PBXFileReference; lastKnownFileType = file; name = "BeaufortforLOL-Regular.ttf"; path = "../../../../../../../../Downloads/Fonts_Package/BeaufortForLoL-TTF/BeaufortforLOL-Regular.ttf"; sourceTree = "<group>"; };
		2896B8F42AFAC20F00983EAE /* BeaufortforLOL-Bold.ttf */ = {isa = PBXFileReference; lastKnownFileType = file; name = "BeaufortforLOL-Bold.ttf"; path = "../../../../../../../../Downloads/Fonts_Package/BeaufortForLoL-TTF/BeaufortforLOL-Bold.ttf"; sourceTree = "<group>"; };
		2896B8F52AFAC20F00983EAE /* BeaufortforLOL-Light.ttf */ = {isa = PBXFileReference; lastKnownFileType = file; name = "BeaufortforLOL-Light.ttf"; path = "../../../../../../../../Downloads/Fonts_Package/BeaufortForLoL-TTF/BeaufortforLOL-Light.ttf"; sourceTree = "<group>"; };
		2896B8F62AFAC20F00983EAE /* BeaufortforLOL-Heavy.ttf */ = {isa = PBXFileReference; lastKnownFileType = file; name = "BeaufortforLOL-Heavy.ttf"; path = "../../../../../../../../Downloads/Fonts_Package/BeaufortForLoL-TTF/BeaufortforLOL-Heavy.ttf"; sourceTree = "<group>"; };
		2896B8F72AFAC20F00983EAE /* BeaufortforLOL-BoldItalic.ttf */ = {isa = PBXFileReference; lastKnownFileType = file; name = "BeaufortforLOL-BoldItalic.ttf"; path = "../../../../../../../../Downloads/Fonts_Package/BeaufortForLoL-TTF/BeaufortforLOL-BoldItalic.ttf"; sourceTree = "<group>"; };
		2896B8F82AFAC20F00983EAE /* BeaufortforLOL-BoldItalic(1).ttf */ = {isa = PBXFileReference; lastKnownFileType = file; name = "BeaufortforLOL-BoldItalic(1).ttf"; path = "../../../../../../../../Downloads/Fonts_Package/BeaufortForLoL-TTF/BeaufortforLOL-BoldItalic(1).ttf"; sourceTree = "<group>"; };
		2896B8F92AFAC20F00983EAE /* BeaufortforLOL-MediumItalic.ttf */ = {isa = PBXFileReference; lastKnownFileType = file; name = "BeaufortforLOL-MediumItalic.ttf"; path = "../../../../../../../../Downloads/Fonts_Package/BeaufortForLoL-TTF/BeaufortforLOL-MediumItalic.ttf"; sourceTree = "<group>"; };
		2896B8FA2AFAC20F00983EAE /* BeaufortforLOL-Italic.ttf */ = {isa = PBXFileReference; lastKnownFileType = file; name = "BeaufortforLOL-Italic.ttf"; path = "../../../../../../../../Downloads/Fonts_Package/BeaufortForLoL-TTF/BeaufortforLOL-Italic.ttf"; sourceTree = "<group>"; };
		2896B8FB2AFAC20F00983EAE /* BeaufortforLOL-HeavyItalic.ttf */ = {isa = PBXFileReference; lastKnownFileType = file; name = "BeaufortforLOL-HeavyItalic.ttf"; path = "../../../../../../../../Downloads/Fonts_Package/BeaufortForLoL-TTF/BeaufortforLOL-HeavyItalic.ttf"; sourceTree = "<group>"; };
		2896B9082AFAC29B00983EAE /* Spiegel_TT_Bold.ttf */ = {isa = PBXFileReference; lastKnownFileType = file; name = Spiegel_TT_Bold.ttf; path = "../../../../../../../../Downloads/Fonts_Package/Spiegel-TTF/Spiegel_TT_Bold.ttf"; sourceTree = "<group>"; };
		2896B9092AFAC29B00983EAE /* Spiegel_TT_Regular.ttf */ = {isa = PBXFileReference; lastKnownFileType = file; name = Spiegel_TT_Regular.ttf; path = "../../../../../../../../Downloads/Fonts_Package/Spiegel-TTF/Spiegel_TT_Regular.ttf"; sourceTree = "<group>"; };
		2896B90A2AFAC29B00983EAE /* Spiegel_TT_SemiBold_Italic.ttf */ = {isa = PBXFileReference; lastKnownFileType = file; name = Spiegel_TT_SemiBold_Italic.ttf; path = "../../../../../../../../Downloads/Fonts_Package/Spiegel-TTF/Spiegel_TT_SemiBold_Italic.ttf"; sourceTree = "<group>"; };
		2896B90B2AFAC29B00983EAE /* Spiegel_TT_SemiBold.ttf */ = {isa = PBXFileReference; lastKnownFileType = file; name = Spiegel_TT_SemiBold.ttf; path = "../../../../../../../../Downloads/Fonts_Package/Spiegel-TTF/Spiegel_TT_SemiBold.ttf"; sourceTree = "<group>"; };
		2896B90C2AFAC29B00983EAE /* Spiegel_TT_Regular_Italic.ttf */ = {isa = PBXFileReference; lastKnownFileType = file; name = Spiegel_TT_Regular_Italic.ttf; path = "../../../../../../../../Downloads/Fonts_Package/Spiegel-TTF/Spiegel_TT_Regular_Italic.ttf"; sourceTree = "<group>"; };
		2896B90D2AFAC29B00983EAE /* Spiegel_TT_Bold_Italic.ttf */ = {isa = PBXFileReference; lastKnownFileType = file; name = Spiegel_TT_Bold_Italic.ttf; path = "../../../../../../../../Downloads/Fonts_Package/Spiegel-TTF/Spiegel_TT_Bold_Italic.ttf"; sourceTree = "<group>"; };
		28B9ED7C2AF98578000B95B7 /* SKnano.app */ = {isa = PBXFileReference; explicitFileType = wrapper.application; includeInIndex = 0; path = SKnano.app; sourceTree = BUILT_PRODUCTS_DIR; };
		28B9ED7F2AF98578000B95B7 /* SKnanoApp.swift */ = {isa = PBXFileReference; lastKnownFileType = sourcecode.swift; path = SKnanoApp.swift; sourceTree = "<group>"; };
		28B9ED812AF98578000B95B7 /* ContentView.swift */ = {isa = PBXFileReference; lastKnownFileType = sourcecode.swift; path = ContentView.swift; sourceTree = "<group>"; };
		28B9ED832AF98579000B95B7 /* Assets.xcassets */ = {isa = PBXFileReference; lastKnownFileType = folder.assetcatalog; path = Assets.xcassets; sourceTree = "<group>"; };
		28B9ED862AF98579000B95B7 /* Preview Assets.xcassets */ = {isa = PBXFileReference; lastKnownFileType = folder.assetcatalog; path = "Preview Assets.xcassets"; sourceTree = "<group>"; };
		9836C6BB2AFABC080083D48D /* Products.storekit */ = {isa = PBXFileReference; lastKnownFileType = text; path = Products.storekit; sourceTree = "<group>"; };
		98B4E64D2AFAC9D0000C93D4 /* Store.swift */ = {isa = PBXFileReference; lastKnownFileType = sourcecode.swift; path = Store.swift; sourceTree = "<group>"; };
/* End PBXFileReference section */

/* Begin PBXFrameworksBuildPhase section */
		28B9ED792AF98578000B95B7 /* Frameworks */ = {
			isa = PBXFrameworksBuildPhase;
			buildActionMask = 2147483647;
			files = (
			);
			runOnlyForDeploymentPostprocessing = 0;
		};
/* End PBXFrameworksBuildPhase section */

/* Begin PBXGroup section */
		285275A52AFAB29B00DFE4CF /* Champion */ = {
			isa = PBXGroup;
			children = (
			);
			path = Champion;
			sourceTree = "<group>";
		};
		285275A72AFAB4EA00DFE4CF /* ListComponent */ = {
			isa = PBXGroup;
			children = (
				285275A82AFAB50600DFE4CF /* ListComponent.swift */,
			);
			path = ListComponent;
			sourceTree = "<group>";
		};
		2896B8EC2AFAB8D600983EAE /* Extensions */ = {
			isa = PBXGroup;
			children = (
				2896B8ED2AFAB8EA00983EAE /* Color.swift */,
			);
			path = Extensions;
			sourceTree = "<group>";
		};
		2896B8EF2AFAC0F600983EAE /* Fonts */ = {
			isa = PBXGroup;
			children = (
				2896B9072AFAC28E00983EAE /* Spiegel */,
				2896B8F02AFAC1F800983EAE /* BeaufortForLoL */,
			);
			path = Fonts;
			sourceTree = "<group>";
		};
		2896B8F02AFAC1F800983EAE /* BeaufortForLoL */ = {
			isa = PBXGroup;
			children = (
				2896B8F42AFAC20F00983EAE /* BeaufortforLOL-Bold.ttf */,
				2896B8F72AFAC20F00983EAE /* BeaufortforLOL-BoldItalic.ttf */,
				2896B8F82AFAC20F00983EAE /* BeaufortforLOL-BoldItalic(1).ttf */,
				2896B8F62AFAC20F00983EAE /* BeaufortforLOL-Heavy.ttf */,
				2896B8FB2AFAC20F00983EAE /* BeaufortforLOL-HeavyItalic.ttf */,
				2896B8FA2AFAC20F00983EAE /* BeaufortforLOL-Italic.ttf */,
				2896B8F52AFAC20F00983EAE /* BeaufortforLOL-Light.ttf */,
				2896B8F22AFAC20F00983EAE /* BeaufortforLOL-LightItalic.ttf */,
				2896B8F12AFAC20F00983EAE /* BeaufortforLOL-Medium.ttf */,
				2896B8F92AFAC20F00983EAE /* BeaufortforLOL-MediumItalic.ttf */,
				2896B8F32AFAC20F00983EAE /* BeaufortforLOL-Regular.ttf */,
			);
			path = BeaufortForLoL;
			sourceTree = "<group>";
		};
		2896B9072AFAC28E00983EAE /* Spiegel */ = {
			isa = PBXGroup;
			children = (
				2896B90D2AFAC29B00983EAE /* Spiegel_TT_Bold_Italic.ttf */,
				2896B9082AFAC29B00983EAE /* Spiegel_TT_Bold.ttf */,
				2896B90C2AFAC29B00983EAE /* Spiegel_TT_Regular_Italic.ttf */,
				2896B9092AFAC29B00983EAE /* Spiegel_TT_Regular.ttf */,
				2896B90A2AFAC29B00983EAE /* Spiegel_TT_SemiBold_Italic.ttf */,
				2896B90B2AFAC29B00983EAE /* Spiegel_TT_SemiBold.ttf */,
			);
			path = Spiegel;
			sourceTree = "<group>";
		};
		28B9ED732AF98578000B95B7 = {
			isa = PBXGroup;
			children = (
				28B9ED7E2AF98578000B95B7 /* SKnano */,
				28B9ED7D2AF98578000B95B7 /* Products */,
			);
			sourceTree = "<group>";
		};
		28B9ED7D2AF98578000B95B7 /* Products */ = {
			isa = PBXGroup;
			children = (
				28B9ED7C2AF98578000B95B7 /* SKnano.app */,
			);
			name = Products;
			sourceTree = "<group>";
		};
		28B9ED7E2AF98578000B95B7 /* SKnano */ = {
			isa = PBXGroup;
			children = (
				2896B8EC2AFAB8D600983EAE /* Extensions */,
				28B9ED8F2AF985A7000B95B7 /* Views */,
				28B9ED8E2AF9859C000B95B7 /* Notification */,
				28B9ED912AF9865C000B95B7 /* CloudKit */,
				28B9ED8D2AF9858F000B95B7 /* StoreKit */,
				28B9ED902AF985B4000B95B7 /* System */,
				28B9ED832AF98579000B95B7 /* Assets.xcassets */,
				28B9ED852AF98579000B95B7 /* Preview Content */,
			);
			path = SKnano;
			sourceTree = "<group>";
		};
		28B9ED852AF98579000B95B7 /* Preview Content */ = {
			isa = PBXGroup;
			children = (
				28B9ED862AF98579000B95B7 /* Preview Assets.xcassets */,
			);
			path = "Preview Content";
			sourceTree = "<group>";
		};
		28B9ED8D2AF9858F000B95B7 /* StoreKit */ = {
			isa = PBXGroup;
			children = (
				9836C6BB2AFABC080083D48D /* Products.storekit */,
				98B4E64D2AFAC9D0000C93D4 /* Store.swift */,
			);
			path = StoreKit;
			sourceTree = "<group>";
		};
		28B9ED8E2AF9859C000B95B7 /* Notification */ = {
			isa = PBXGroup;
			children = (
			);
			path = Notification;
			sourceTree = "<group>";
		};
		28B9ED8F2AF985A7000B95B7 /* Views */ = {
			isa = PBXGroup;
			children = (
				285275A72AFAB4EA00DFE4CF /* ListComponent */,
				285275A52AFAB29B00DFE4CF /* Champion */,
				28B9ED812AF98578000B95B7 /* ContentView.swift */,
			);
			path = Views;
			sourceTree = "<group>";
		};
		28B9ED902AF985B4000B95B7 /* System */ = {
			isa = PBXGroup;
			children = (
				2896B8EF2AFAC0F600983EAE /* Fonts */,
				28B9ED7F2AF98578000B95B7 /* SKnanoApp.swift */,
			);
			path = System;
			sourceTree = "<group>";
		};
		28B9ED912AF9865C000B95B7 /* CloudKit */ = {
			isa = PBXGroup;
			children = (
			);
			path = CloudKit;
			sourceTree = "<group>";
		};
/* End PBXGroup section */

/* Begin PBXNativeTarget section */
		28B9ED7B2AF98578000B95B7 /* SKnano */ = {
			isa = PBXNativeTarget;
			buildConfigurationList = 28B9ED8A2AF98579000B95B7 /* Build configuration list for PBXNativeTarget "SKnano" */;
			buildPhases = (
				28B9ED782AF98578000B95B7 /* Sources */,
				28B9ED792AF98578000B95B7 /* Frameworks */,
				28B9ED7A2AF98578000B95B7 /* Resources */,
			);
			buildRules = (
			);
			dependencies = (
			);
			name = SKnano;
			productName = SKnano;
			productReference = 28B9ED7C2AF98578000B95B7 /* SKnano.app */;
			productType = "com.apple.product-type.application";
		};
/* End PBXNativeTarget section */

/* Begin PBXProject section */
		28B9ED742AF98578000B95B7 /* Project object */ = {
			isa = PBXProject;
			attributes = {
				BuildIndependentTargetsInParallel = 1;
				LastSwiftUpdateCheck = 1500;
				LastUpgradeCheck = 1500;
				TargetAttributes = {
					28B9ED7B2AF98578000B95B7 = {
						CreatedOnToolsVersion = 15.0.1;
					};
				};
			};
			buildConfigurationList = 28B9ED772AF98578000B95B7 /* Build configuration list for PBXProject "SKnano" */;
			compatibilityVersion = "Xcode 14.0";
			developmentRegion = en;
			hasScannedForEncodings = 0;
			knownRegions = (
				en,
				Base,
			);
			mainGroup = 28B9ED732AF98578000B95B7;
			productRefGroup = 28B9ED7D2AF98578000B95B7 /* Products */;
			projectDirPath = "";
			projectRoot = "";
			targets = (
				28B9ED7B2AF98578000B95B7 /* SKnano */,
			);
		};
/* End PBXProject section */

/* Begin PBXResourcesBuildPhase section */
		28B9ED7A2AF98578000B95B7 /* Resources */ = {
			isa = PBXResourcesBuildPhase;
			buildActionMask = 2147483647;
			files = (
				28B9ED872AF98579000B95B7 /* Preview Assets.xcassets in Resources */,
				2896B9002AFAC20F00983EAE /* BeaufortforLOL-Light.ttf in Resources */,
				2896B8FF2AFAC20F00983EAE /* BeaufortforLOL-Bold.ttf in Resources */,
				2896B9022AFAC20F00983EAE /* BeaufortforLOL-BoldItalic.ttf in Resources */,
				2896B8FC2AFAC20F00983EAE /* BeaufortforLOL-Medium.ttf in Resources */,
				2896B9112AFAC29C00983EAE /* Spiegel_TT_SemiBold.ttf in Resources */,
				2896B90E2AFAC29C00983EAE /* Spiegel_TT_Bold.ttf in Resources */,
				2896B9062AFAC20F00983EAE /* BeaufortforLOL-HeavyItalic.ttf in Resources */,
				2896B90F2AFAC29C00983EAE /* Spiegel_TT_Regular.ttf in Resources */,
				2896B9122AFAC29C00983EAE /* Spiegel_TT_Regular_Italic.ttf in Resources */,
				2896B9132AFAC29C00983EAE /* Spiegel_TT_Bold_Italic.ttf in Resources */,
				2896B9012AFAC20F00983EAE /* BeaufortforLOL-Heavy.ttf in Resources */,
				2896B9052AFAC20F00983EAE /* BeaufortforLOL-Italic.ttf in Resources */,
				2896B9032AFAC20F00983EAE /* BeaufortforLOL-BoldItalic(1).ttf in Resources */,
				28B9ED842AF98579000B95B7 /* Assets.xcassets in Resources */,
				2896B9042AFAC20F00983EAE /* BeaufortforLOL-MediumItalic.ttf in Resources */,
				2896B9102AFAC29C00983EAE /* Spiegel_TT_SemiBold_Italic.ttf in Resources */,
				2896B8FD2AFAC20F00983EAE /* BeaufortforLOL-LightItalic.ttf in Resources */,
				2896B8FE2AFAC20F00983EAE /* BeaufortforLOL-Regular.ttf in Resources */,
			);
			runOnlyForDeploymentPostprocessing = 0;
		};
/* End PBXResourcesBuildPhase section */

/* Begin PBXSourcesBuildPhase section */
		28B9ED782AF98578000B95B7 /* Sources */ = {
			isa = PBXSourcesBuildPhase;
			buildActionMask = 2147483647;
			files = (
				98B4E64E2AFAC9D0000C93D4 /* Store.swift in Sources */,
				28B9ED822AF98578000B95B7 /* ContentView.swift in Sources */,
				2896B8EE2AFAB8EA00983EAE /* Color.swift in Sources */,
				28B9ED802AF98578000B95B7 /* SKnanoApp.swift in Sources */,
				285275A92AFAB50600DFE4CF /* ListComponent.swift in Sources */,
			);
			runOnlyForDeploymentPostprocessing = 0;
		};
/* End PBXSourcesBuildPhase section */

/* Begin XCBuildConfiguration section */
		28B9ED882AF98579000B95B7 /* Debug */ = {
			isa = XCBuildConfiguration;
			buildSettings = {
				ALWAYS_SEARCH_USER_PATHS = NO;
				ASSETCATALOG_COMPILER_GENERATE_SWIFT_ASSET_SYMBOL_EXTENSIONS = YES;
				CLANG_ANALYZER_NONNULL = YES;
				CLANG_ANALYZER_NUMBER_OBJECT_CONVERSION = YES_AGGRESSIVE;
				CLANG_CXX_LANGUAGE_STANDARD = "gnu++20";
				CLANG_ENABLE_MODULES = YES;
				CLANG_ENABLE_OBJC_ARC = YES;
				CLANG_ENABLE_OBJC_WEAK = YES;
				CLANG_WARN_BLOCK_CAPTURE_AUTORELEASING = YES;
				CLANG_WARN_BOOL_CONVERSION = YES;
				CLANG_WARN_COMMA = YES;
				CLANG_WARN_CONSTANT_CONVERSION = YES;
				CLANG_WARN_DEPRECATED_OBJC_IMPLEMENTATIONS = YES;
				CLANG_WARN_DIRECT_OBJC_ISA_USAGE = YES_ERROR;
				CLANG_WARN_DOCUMENTATION_COMMENTS = YES;
				CLANG_WARN_EMPTY_BODY = YES;
				CLANG_WARN_ENUM_CONVERSION = YES;
				CLANG_WARN_INFINITE_RECURSION = YES;
				CLANG_WARN_INT_CONVERSION = YES;
				CLANG_WARN_NON_LITERAL_NULL_CONVERSION = YES;
				CLANG_WARN_OBJC_IMPLICIT_RETAIN_SELF = YES;
				CLANG_WARN_OBJC_LITERAL_CONVERSION = YES;
				CLANG_WARN_OBJC_ROOT_CLASS = YES_ERROR;
				CLANG_WARN_QUOTED_INCLUDE_IN_FRAMEWORK_HEADER = YES;
				CLANG_WARN_RANGE_LOOP_ANALYSIS = YES;
				CLANG_WARN_STRICT_PROTOTYPES = YES;
				CLANG_WARN_SUSPICIOUS_MOVE = YES;
				CLANG_WARN_UNGUARDED_AVAILABILITY = YES_AGGRESSIVE;
				CLANG_WARN_UNREACHABLE_CODE = YES;
				CLANG_WARN__DUPLICATE_METHOD_MATCH = YES;
				COPY_PHASE_STRIP = NO;
				DEBUG_INFORMATION_FORMAT = dwarf;
				ENABLE_STRICT_OBJC_MSGSEND = YES;
				ENABLE_TESTABILITY = YES;
				ENABLE_USER_SCRIPT_SANDBOXING = YES;
				GCC_C_LANGUAGE_STANDARD = gnu17;
				GCC_DYNAMIC_NO_PIC = NO;
				GCC_NO_COMMON_BLOCKS = YES;
				GCC_OPTIMIZATION_LEVEL = 0;
				GCC_PREPROCESSOR_DEFINITIONS = (
					"DEBUG=1",
					"$(inherited)",
				);
				GCC_WARN_64_TO_32_BIT_CONVERSION = YES;
				GCC_WARN_ABOUT_RETURN_TYPE = YES_ERROR;
				GCC_WARN_UNDECLARED_SELECTOR = YES;
				GCC_WARN_UNINITIALIZED_AUTOS = YES_AGGRESSIVE;
				GCC_WARN_UNUSED_FUNCTION = YES;
				GCC_WARN_UNUSED_VARIABLE = YES;
				IPHONEOS_DEPLOYMENT_TARGET = 17.0;
				LOCALIZATION_PREFERS_STRING_CATALOGS = YES;
				MTL_ENABLE_DEBUG_INFO = INCLUDE_SOURCE;
				MTL_FAST_MATH = YES;
				ONLY_ACTIVE_ARCH = YES;
				SDKROOT = iphoneos;
				SWIFT_ACTIVE_COMPILATION_CONDITIONS = "DEBUG $(inherited)";
				SWIFT_OPTIMIZATION_LEVEL = "-Onone";
			};
			name = Debug;
		};
		28B9ED892AF98579000B95B7 /* Release */ = {
			isa = XCBuildConfiguration;
			buildSettings = {
				ALWAYS_SEARCH_USER_PATHS = NO;
				ASSETCATALOG_COMPILER_GENERATE_SWIFT_ASSET_SYMBOL_EXTENSIONS = YES;
				CLANG_ANALYZER_NONNULL = YES;
				CLANG_ANALYZER_NUMBER_OBJECT_CONVERSION = YES_AGGRESSIVE;
				CLANG_CXX_LANGUAGE_STANDARD = "gnu++20";
				CLANG_ENABLE_MODULES = YES;
				CLANG_ENABLE_OBJC_ARC = YES;
				CLANG_ENABLE_OBJC_WEAK = YES;
				CLANG_WARN_BLOCK_CAPTURE_AUTORELEASING = YES;
				CLANG_WARN_BOOL_CONVERSION = YES;
				CLANG_WARN_COMMA = YES;
				CLANG_WARN_CONSTANT_CONVERSION = YES;
				CLANG_WARN_DEPRECATED_OBJC_IMPLEMENTATIONS = YES;
				CLANG_WARN_DIRECT_OBJC_ISA_USAGE = YES_ERROR;
				CLANG_WARN_DOCUMENTATION_COMMENTS = YES;
				CLANG_WARN_EMPTY_BODY = YES;
				CLANG_WARN_ENUM_CONVERSION = YES;
				CLANG_WARN_INFINITE_RECURSION = YES;
				CLANG_WARN_INT_CONVERSION = YES;
				CLANG_WARN_NON_LITERAL_NULL_CONVERSION = YES;
				CLANG_WARN_OBJC_IMPLICIT_RETAIN_SELF = YES;
				CLANG_WARN_OBJC_LITERAL_CONVERSION = YES;
				CLANG_WARN_OBJC_ROOT_CLASS = YES_ERROR;
				CLANG_WARN_QUOTED_INCLUDE_IN_FRAMEWORK_HEADER = YES;
				CLANG_WARN_RANGE_LOOP_ANALYSIS = YES;
				CLANG_WARN_STRICT_PROTOTYPES = YES;
				CLANG_WARN_SUSPICIOUS_MOVE = YES;
				CLANG_WARN_UNGUARDED_AVAILABILITY = YES_AGGRESSIVE;
				CLANG_WARN_UNREACHABLE_CODE = YES;
				CLANG_WARN__DUPLICATE_METHOD_MATCH = YES;
				COPY_PHASE_STRIP = NO;
				DEBUG_INFORMATION_FORMAT = "dwarf-with-dsym";
				ENABLE_NS_ASSERTIONS = NO;
				ENABLE_STRICT_OBJC_MSGSEND = YES;
				ENABLE_USER_SCRIPT_SANDBOXING = YES;
				GCC_C_LANGUAGE_STANDARD = gnu17;
				GCC_NO_COMMON_BLOCKS = YES;
				GCC_WARN_64_TO_32_BIT_CONVERSION = YES;
				GCC_WARN_ABOUT_RETURN_TYPE = YES_ERROR;
				GCC_WARN_UNDECLARED_SELECTOR = YES;
				GCC_WARN_UNINITIALIZED_AUTOS = YES_AGGRESSIVE;
				GCC_WARN_UNUSED_FUNCTION = YES;
				GCC_WARN_UNUSED_VARIABLE = YES;
				IPHONEOS_DEPLOYMENT_TARGET = 17.0;
				LOCALIZATION_PREFERS_STRING_CATALOGS = YES;
				MTL_ENABLE_DEBUG_INFO = NO;
				MTL_FAST_MATH = YES;
				SDKROOT = iphoneos;
				SWIFT_COMPILATION_MODE = wholemodule;
				VALIDATE_PRODUCT = YES;
			};
			name = Release;
		};
		28B9ED8B2AF98579000B95B7 /* Debug */ = {
			isa = XCBuildConfiguration;
			buildSettings = {
				ASSETCATALOG_COMPILER_APPICON_NAME = AppIcon;
				ASSETCATALOG_COMPILER_GLOBAL_ACCENT_COLOR_NAME = AccentColor;
				CODE_SIGN_STYLE = Automatic;
				CURRENT_PROJECT_VERSION = 1;
				DEVELOPMENT_ASSET_PATHS = "\"SKnano/Preview Content\"";
				DEVELOPMENT_TEAM = SVGXRR5RRA;
				ENABLE_PREVIEWS = YES;
				GENERATE_INFOPLIST_FILE = YES;
				INFOPLIST_FILE = SKnano/Info.plist;
				INFOPLIST_KEY_UIApplicationSceneManifest_Generation = YES;
				INFOPLIST_KEY_UIApplicationSupportsIndirectInputEvents = YES;
				INFOPLIST_KEY_UILaunchScreen_Generation = YES;
				INFOPLIST_KEY_UISupportedInterfaceOrientations_iPad = "UIInterfaceOrientationPortrait UIInterfaceOrientationPortraitUpsideDown UIInterfaceOrientationLandscapeLeft UIInterfaceOrientationLandscapeRight";
				INFOPLIST_KEY_UISupportedInterfaceOrientations_iPhone = "UIInterfaceOrientationPortrait UIInterfaceOrientationLandscapeLeft UIInterfaceOrientationLandscapeRight";
				LD_RUNPATH_SEARCH_PATHS = (
					"$(inherited)",
					"@executable_path/Frameworks",
				);
				MARKETING_VERSION = 1.0;
				PRODUCT_BUNDLE_IDENTIFIER = com.Eduardo.SKnano;
				PRODUCT_NAME = "$(TARGET_NAME)";
				SWIFT_EMIT_LOC_STRINGS = YES;
				SWIFT_VERSION = 5.0;
				TARGETED_DEVICE_FAMILY = "1,2";
			};
			name = Debug;
		};
		28B9ED8C2AF98579000B95B7 /* Release */ = {
			isa = XCBuildConfiguration;
			buildSettings = {
				ASSETCATALOG_COMPILER_APPICON_NAME = AppIcon;
				ASSETCATALOG_COMPILER_GLOBAL_ACCENT_COLOR_NAME = AccentColor;
				CODE_SIGN_STYLE = Automatic;
				CURRENT_PROJECT_VERSION = 1;
				DEVELOPMENT_ASSET_PATHS = "\"SKnano/Preview Content\"";
				DEVELOPMENT_TEAM = SVGXRR5RRA;
				ENABLE_PREVIEWS = YES;
				GENERATE_INFOPLIST_FILE = YES;
				INFOPLIST_FILE = SKnano/Info.plist;
				INFOPLIST_KEY_UIApplicationSceneManifest_Generation = YES;
				INFOPLIST_KEY_UIApplicationSupportsIndirectInputEvents = YES;
				INFOPLIST_KEY_UILaunchScreen_Generation = YES;
				INFOPLIST_KEY_UISupportedInterfaceOrientations_iPad = "UIInterfaceOrientationPortrait UIInterfaceOrientationPortraitUpsideDown UIInterfaceOrientationLandscapeLeft UIInterfaceOrientationLandscapeRight";
				INFOPLIST_KEY_UISupportedInterfaceOrientations_iPhone = "UIInterfaceOrientationPortrait UIInterfaceOrientationLandscapeLeft UIInterfaceOrientationLandscapeRight";
				LD_RUNPATH_SEARCH_PATHS = (
					"$(inherited)",
					"@executable_path/Frameworks",
				);
				MARKETING_VERSION = 1.0;
				PRODUCT_BUNDLE_IDENTIFIER = com.Eduardo.SKnano;
				PRODUCT_NAME = "$(TARGET_NAME)";
				SWIFT_EMIT_LOC_STRINGS = YES;
				SWIFT_VERSION = 5.0;
				TARGETED_DEVICE_FAMILY = "1,2";
			};
			name = Release;
		};
/* End XCBuildConfiguration section */

/* Begin XCConfigurationList section */
		28B9ED772AF98578000B95B7 /* Build configuration list for PBXProject "SKnano" */ = {
			isa = XCConfigurationList;
			buildConfigurations = (
				28B9ED882AF98579000B95B7 /* Debug */,
				28B9ED892AF98579000B95B7 /* Release */,
			);
			defaultConfigurationIsVisible = 0;
			defaultConfigurationName = Release;
		};
		28B9ED8A2AF98579000B95B7 /* Build configuration list for PBXNativeTarget "SKnano" */ = {
			isa = XCConfigurationList;
			buildConfigurations = (
				28B9ED8B2AF98579000B95B7 /* Debug */,
				28B9ED8C2AF98579000B95B7 /* Release */,
			);
			defaultConfigurationIsVisible = 0;
			defaultConfigurationName = Release;
		};
/* End XCConfigurationList section */
	};
	rootObject = 28B9ED742AF98578000B95B7 /* Project object */;
}
